// !$*UTF8*$!
{
	archiveVersion = 1;
	classes = {
	};
	objectVersion = 46;
	objects = {

/* Begin PBXBuildFile section */
		C19AAC461C9CE683002B714F /* AppDelegate.swift in Sources */ = {isa = PBXBuildFile; fileRef = C19AAC451C9CE683002B714F /* AppDelegate.swift */; };
		C19AAC481C9CE683002B714F /* ViewController.swift in Sources */ = {isa = PBXBuildFile; fileRef = C19AAC471C9CE683002B714F /* ViewController.swift */; };
		C19AAC4B1C9CE683002B714F /* Main.storyboard in Resources */ = {isa = PBXBuildFile; fileRef = C19AAC491C9CE683002B714F /* Main.storyboard */; };
		C19AAC4D1C9CE683002B714F /* Assets.xcassets in Resources */ = {isa = PBXBuildFile; fileRef = C19AAC4C1C9CE683002B714F /* Assets.xcassets */; };
		C19AAC501C9CE683002B714F /* LaunchScreen.storyboard in Resources */ = {isa = PBXBuildFile; fileRef = C19AAC4E1C9CE683002B714F /* LaunchScreen.storyboard */; };
/* End PBXBuildFile section */

/* Begin PBXFileReference section */
		C19AAC421C9CE683002B714F /* SimpleList.app */ = {isa = PBXFileReference; explicitFileType = wrapper.application; includeInIndex = 0; path = SimpleList.app; sourceTree = BUILT_PRODUCTS_DIR; };
		C19AAC451C9CE683002B714F /* AppDelegate.swift */ = {isa = PBXFileReference; lastKnownFileType = sourcecode.swift; path = AppDelegate.swift; sourceTree = "<group>"; };
		C19AAC471C9CE683002B714F /* ViewController.swift */ = {isa = PBXFileReference; lastKnownFileType = sourcecode.swift; path = ViewController.swift; sourceTree = "<group>"; };
		C19AAC4A1C9CE683002B714F /* Base */ = {isa = PBXFileReference; lastKnownFileType = file.storyboard; name = Base; path = Base.lproj/Main.storyboard; sourceTree = "<group>"; };
		C19AAC4C1C9CE683002B714F /* Assets.xcassets */ = {isa = PBXFileReference; lastKnownFileType = folder.assetcatalog; path = Assets.xcassets; sourceTree = "<group>"; };
		C19AAC4F1C9CE683002B714F /* Base */ = {isa = PBXFileReference; lastKnownFileType = file.storyboard; name = Base; path = Base.lproj/LaunchScreen.storyboard; sourceTree = "<group>"; };
		C19AAC511C9CE683002B714F /* Info.plist */ = {isa = PBXFileReference; lastKnownFileType = text.plist.xml; path = Info.plist; sourceTree = "<group>"; };
/* End PBXFileReference section */

/* Begin PBXFrameworksBuildPhase section */
		C19AAC3F1C9CE683002B714F /* Frameworks */ = {
			isa = PBXFrameworksBuildPhase;
			buildActionMask = 2147483647;
			files = (
			);
			runOnlyForDeploymentPostprocessing = 0;
		};
/* End PBXFrameworksBuildPhase section */

/* Begin PBXGroup section */
		C19AAC391C9CE683002B714F = {
			isa = PBXGroup;
			children = (
				C19AAC441C9CE683002B714F /* SimpleList */,
				C19AAC431C9CE683002B714F /* Products */,
			);
			sourceTree = "<group>";
		};
		C19AAC431C9CE683002B714F /* Products */ = {
			isa = PBXGroup;
			children = (
				C19AAC421C9CE683002B714F /* SimpleList.app */,
			);
			name = Products;
			sourceTree = "<group>";
		};
		C19AAC441C9CE683002B714F /* SimpleList */ = {
			isa = PBXGroup;
			children = (
				C19AAC451C9CE683002B714F /* AppDelegate.swift */,
				C19AAC471C9CE683002B714F /* ViewController.swift */,
				C19AAC491C9CE683002B714F /* Main.storyboard */,
				C19AAC4C1C9CE683002B714F /* Assets.xcassets */,
				C19AAC4E1C9CE683002B714F /* LaunchScreen.storyboard */,
				C19AAC511C9CE683002B714F /* Info.plist */,
			);
			path = SimpleList;
			sourceTree = "<group>";
		};
/* End PBXGroup section */

/* Begin PBXNativeTarget section */
		C19AAC411C9CE683002B714F /* SimpleList */ = {
			isa = PBXNativeTarget;
			buildConfigurationList = C19AAC541C9CE683002B714F /* Build configuration list for PBXNativeTarget "SimpleList" */;
			buildPhases = (
				C19AAC3E1C9CE683002B714F /* Sources */,
				C19AAC3F1C9CE683002B714F /* Frameworks */,
				C19AAC401C9CE683002B714F /* Resources */,
			);
			buildRules = (
			);
			dependencies = (
			);
			name = SimpleList;
			productName = SimpleList;
			productReference = C19AAC421C9CE683002B714F /* SimpleList.app */;
			productType = "com.apple.product-type.application";
		};
/* End PBXNativeTarget section */

/* Begin PBXProject section */
		C19AAC3A1C9CE683002B714F /* Project object */ = {
			isa = PBXProject;
			attributes = {
				LastSwiftUpdateCheck = 0720;
				LastUpgradeCheck = 0720;
				ORGANIZATIONNAME = MadelineCarson;
				TargetAttributes = {
					C19AAC411C9CE683002B714F = {
						CreatedOnToolsVersion = 7.2.1;
						DevelopmentTeam = B23E9G5LT7;
					};
				};
			};
			buildConfigurationList = C19AAC3D1C9CE683002B714F /* Build configuration list for PBXProject "SimpleList" */;
			compatibilityVersion = "Xcode 3.2";
			developmentRegion = English;
			hasScannedForEncodings = 0;
			knownRegions = (
				en,
				Base,
			);
			mainGroup = C19AAC391C9CE683002B714F;
			productRefGroup = C19AAC431C9CE683002B714F /* Products */;
			projectDirPath = "";
			projectRoot = "";
			targets = (
				C19AAC411C9CE683002B714F /* SimpleList */,
			);
		};
/* End PBXProject section */

/* Begin PBXResourcesBuildPhase section */
		C19AAC401C9CE683002B714F /* Resources */ = {
			isa = PBXResourcesBuildPhase;
			buildActionMask = 2147483647;
			files = (
				C19AAC501C9CE683002B714F /* LaunchScreen.storyboard in Resources */,
				C19AAC4D1C9CE683002B714F /* Assets.xcassets in Resources */,
				C19AAC4B1C9CE683002B714F /* Main.storyboard in Resources */,
			);
			runOnlyForDeploymentPostprocessing = 0;
		};
/* End PBXResourcesBuildPhase section */

/* Begin PBXSourcesBuildPhase section */
		C19AAC3E1C9CE683002B714F /* Sources */ = {
			isa = PBXSourcesBuildPhase;
			buildActionMask = 2147483647;
			files = (
				C19AAC481C9CE683002B714F /* ViewController.swift in Sources */,
				C19AAC461C9CE683002B714F /* AppDelegate.swift in Sources */,
			);
			runOnlyForDeploymentPostprocessing = 0;
		};
/* End PBXSourcesBuildPhase section */

/* Begin PBXVariantGroup section */
		C19AAC491C9CE683002B714F /* Main.storyboard */ = {
			isa = PBXVariantGroup;
			children = (
				C19AAC4A1C9CE683002B714F /* Base */,
			);
			name = Main.storyboard;
			sourceTree = "<group>";
		};
		C19AAC4E1C9CE683002B714F /* LaunchScreen.storyboard */ = {
			isa = PBXVariantGroup;
			children = (
				C19AAC4F1C9CE683002B714F /* Base */,
			);
			name = LaunchScreen.storyboard;
			sourceTree = "<group>";
		};
/* End PBXVariantGroup section */

/* Begin XCBuildConfiguration section */
		C19AAC521C9CE683002B714F /* Debug */ = {
			isa = XCBuildConfiguration;
			buildSettings = {
				ALWAYS_SEARCH_USER_PATHS = NO;
				CLANG_CXX_LANGUAGE_STANDARD = "gnu++0x";
				CLANG_CXX_LIBRARY = "libc++";
				CLANG_ENABLE_MODULES = YES;
				CLANG_ENABLE_OBJC_ARC = YES;
				CLANG_WARN_BOOL_CONVERSION = YES;
				CLANG_WARN_CONSTANT_CONVERSION = YES;
				CLANG_WARN_DIRECT_OBJC_ISA_USAGE = YES_ERROR;
				CLANG_WARN_EMPTY_BODY = YES;
				CLANG_WARN_ENUM_CONVERSION = YES;
				CLANG_WARN_INT_CONVERSION = YES;
				CLANG_WARN_OBJC_ROOT_CLASS = YES_ERROR;
				CLANG_WARN_UNREACHABLE_CODE = YES;
				CLANG_WARN__DUPLICATE_METHOD_MATCH = YES;
				"CODE_SIGN_IDENTITY[sdk=iphoneos*]" = "iPhone Developer";
				COPY_PHASE_STRIP = NO;
				DEBUG_INFORMATION_FORMAT = dwarf;
				ENABLE_STRICT_OBJC_MSGSEND = YES;
				ENABLE_TESTABILITY = YES;
				GCC_C_LANGUAGE_STANDARD = gnu99;
				GCC_DYNAMIC_NO_PIC = NO;
				GCC_NO_COMMON_BLOCKS = YES;
				GCC_OPTIMIZATION_LEVEL = 0;
				GCC_PREPROCESSOR_DEFINITIONS = (
					"DEBUG=1",
					"$(inherited)",
				);
				GCC_WARN_64_TO_32_BIT_CONVERSION = YES;
				GCC_WARN_ABOUT_RETURN_TYPE = YES_ERROR;
				GCC_WARN_UNDECLARED_SELECTOR = YES;
				GCC_WARN_UNINITIALIZED_AUTOS = YES_AGGRESSIVE;
				GCC_WARN_UNUSED_FUNCTION = YES;
				GCC_WARN_UNUSED_VARIABLE = YES;
				IPHONEOS_DEPLOYMENT_TARGET = 9.2;
				MTL_ENABLE_DEBUG_INFO = YES;
				ONLY_ACTIVE_ARCH = YES;
				SDKROOT = iphoneos;
				SWIFT_OPTIMIZATION_LEVEL = "-Onone";
				TARGETED_DEVICE_FAMILY = "1,2";
			};
			name = Debug;
		};
		C19AAC531C9CE683002B714F /* Release */ = {
			isa = XCBuildConfiguration;
			buildSettings = {
				ALWAYS_SEARCH_USER_PATHS = NO;
				CLANG_CXX_LANGUAGE_STANDARD = "gnu++0x";
				CLANG_CXX_LIBRARY = "libc++";
				CLANG_ENABLE_MODULES = YES;
				CLANG_ENABLE_OBJC_ARC = YES;
				CLANG_WARN_BOOL_CONVERSION = YES;
				CLANG_WARN_CONSTANT_CONVERSION = YES;
				CLANG_WARN_DIRECT_OBJC_ISA_USAGE = YES_ERROR;
				CLANG_WARN_EMPTY_BODY = YES;
				CLANG_WARN_ENUM_CONVERSION = YES;
				CLANG_WARN_INT_CONVERSION = YES;
				CLANG_WARN_OBJC_ROOT_CLASS = YES_ERROR;
				CLANG_WARN_UNREACHABLE_CODE = YES;
				CLANG_WARN__DUPLICATE_METHOD_MATCH = YES;
				"CODE_SIGN_IDENTITY[sdk=iphoneos*]" = "iPhone Developer";
				COPY_PHASE_STRIP = NO;
				DEBUG_INFORMATION_FORMAT = "dwarf-with-dsym";
				ENABLE_NS_ASSERTIONS = NO;
				ENABLE_STRICT_OBJC_MSGSEND = YES;
				GCC_C_LANGUAGE_STANDARD = gnu99;
				GCC_NO_COMMON_BLOCKS = YES;
				GCC_WARN_64_TO_32_BIT_CONVERSION = YES;
				GCC_WARN_ABOUT_RETURN_TYPE = YES_ERROR;
				GCC_WARN_UNDECLARED_SELECTOR = YES;
				GCC_WARN_UNINITIALIZED_AUTOS = YES_AGGRESSIVE;
				GCC_WARN_UNUSED_FUNCTION = YES;
				GCC_WARN_UNUSED_VARIABLE = YES;
				IPHONEOS_DEPLOYMENT_TARGET = 9.2;
				MTL_ENABLE_DEBUG_INFO = NO;
				SDKROOT = iphoneos;
				TARGETED_DEVICE_FAMILY = "1,2";
				VALIDATE_PRODUCT = YES;
			};
			name = Release;
		};
		C19AAC551C9CE683002B714F /* Debug */ = {
			isa = XCBuildConfiguration;
			buildSettings = {
				ASSETCATALOG_COMPILER_APPICON_NAME = AppIcon;
				INFOPLIST_FILE = SimpleList/Info.plist;
				LD_RUNPATH_SEARCH_PATHS = "$(inherited) @executable_path/Frameworks";
				PRODUCT_BUNDLE_IDENTIFIER = com.madelinecarson.SimpleList;
				PRODUCT_NAME = "$(TARGET_NAME)";
			};
			name = Debug;
		};
		C19AAC561C9CE683002B714F /* Release */ = {
			isa = XCBuildConfiguration;
			buildSettings = {
				ASSETCATALOG_COMPILER_APPICON_NAME = AppIcon;
				INFOPLIST_FILE = SimpleList/Info.plist;
				LD_RUNPATH_SEARCH_PATHS = "$(inherited) @executable_path/Frameworks";
				PRODUCT_BUNDLE_IDENTIFIER = com.madelinecarson.SimpleList;
				PRODUCT_NAME = "$(TARGET_NAME)";
			};
			name = Release;
		};
/* End XCBuildConfiguration section */

/* Begin XCConfigurationList section */
		C19AAC3D1C9CE683002B714F /* Build configuration list for PBXProject "SimpleList" */ = {
			isa = XCConfigurationList;
			buildConfigurations = (
				C19AAC521C9CE683002B714F /* Debug */,
				C19AAC531C9CE683002B714F /* Release */,
			);
			defaultConfigurationIsVisible = 0;
			defaultConfigurationName = Release;
		};
		C19AAC541C9CE683002B714F /* Build configuration list for PBXNativeTarget "SimpleList" */ = {
			isa = XCConfigurationList;
			buildConfigurations = (
				C19AAC551C9CE683002B714F /* Debug */,
				C19AAC561C9CE683002B714F /* Release */,
			);
			defaultConfigurationIsVisible = 0;
		};
/* End XCConfigurationList section */
	};
	rootObject = C19AAC3A1C9CE683002B714F /* Project object */;
}
